
Microsoft Visual Studio Solution File, Format Version 12.00
# Visual Studio Version 17
VisualStudioVersion = 17.2.32616.157
MinimumVisualStudioVersion = 10.0.40219.1
Project("{9A19103F-16F7-4668-BE54-9A1E7A4F7556}") = "XPing365.Core", "src\XPing365.Core\XPing365.Core.csproj", "{02EFA0D4-7D3C-4943-962C-FB81C64D7C61}"
EndProject
Project("{D954291E-2A0B-460D-934E-DC6B0785DB48}") = "XPing365.Shared", "src\XPing365.Shared\XPing365.Shared.shproj", "{282CF40B-5231-4B98-8FB7-895897E375E5}"
EndProject
Project("{2150E333-8FDC-42A3-9474-1A3956D46DE8}") = "src", "src", "{B3D74684-0082-4192-B651-8C5CD4D44CCB}"
EndProject
Project("{2150E333-8FDC-42A3-9474-1A3956D46DE8}") = "tests", "tests", "{263591F6-39FB-4B8A-A5AE-5C9E2D326AB3}"
EndProject
Project("{9A19103F-16F7-4668-BE54-9A1E7A4F7556}") = "XPing365.Core.Tests", "tests\XPing365.Core.Tests\XPing365.Core.Tests.csproj", "{C9BAC1A3-712C-462D-B8B5-F4387800CFB0}"
EndProject
Project("{2150E333-8FDC-42A3-9474-1A3956D46DE8}") = "apps", "apps", "{178AEB48-5E2B-4619-AF5F-011E0ED8EA6A}"
EndProject
Project("{2150E333-8FDC-42A3-9474-1A3956D46DE8}") = "debug", "debug", "{C67B62F7-0B11-4D2E-93F7-E3299895DAAF}"
EndProject
Global
	GlobalSection(SolutionConfigurationPlatforms) = preSolution
		Debug|Any CPU = Debug|Any CPU
		Release|Any CPU = Release|Any CPU
	EndGlobalSection
	GlobalSection(ProjectConfigurationPlatforms) = postSolution
		{02EFA0D4-7D3C-4943-962C-FB81C64D7C61}.Debug|Any CPU.ActiveCfg = Debug|Any CPU
		{02EFA0D4-7D3C-4943-962C-FB81C64D7C61}.Debug|Any CPU.Build.0 = Debug|Any CPU
		{02EFA0D4-7D3C-4943-962C-FB81C64D7C61}.Release|Any CPU.ActiveCfg = Release|Any CPU
		{02EFA0D4-7D3C-4943-962C-FB81C64D7C61}.Release|Any CPU.Build.0 = Release|Any CPU
		{C9BAC1A3-712C-462D-B8B5-F4387800CFB0}.Debug|Any CPU.ActiveCfg = Debug|Any CPU
		{C9BAC1A3-712C-462D-B8B5-F4387800CFB0}.Debug|Any CPU.Build.0 = Debug|Any CPU
		{C9BAC1A3-712C-462D-B8B5-F4387800CFB0}.Release|Any CPU.ActiveCfg = Release|Any CPU
		{C9BAC1A3-712C-462D-B8B5-F4387800CFB0}.Release|Any CPU.Build.0 = Release|Any CPU
	EndGlobalSection
	GlobalSection(SolutionProperties) = preSolution
		HideSolutionNode = FALSE
	EndGlobalSection
	GlobalSection(NestedProjects) = preSolution
		{02EFA0D4-7D3C-4943-962C-FB81C64D7C61} = {B3D74684-0082-4192-B651-8C5CD4D44CCB}
		{282CF40B-5231-4B98-8FB7-895897E375E5} = {B3D74684-0082-4192-B651-8C5CD4D44CCB}
		{C9BAC1A3-712C-462D-B8B5-F4387800CFB0} = {263591F6-39FB-4B8A-A5AE-5C9E2D326AB3}
		{C67B62F7-0B11-4D2E-93F7-E3299895DAAF} = {178AEB48-5E2B-4619-AF5F-011E0ED8EA6A}
	EndGlobalSection
	GlobalSection(ExtensibilityGlobals) = postSolution
		SolutionGuid = {0C83D9D4-F320-43DC-B222-455AB88A504D}
	EndGlobalSection
	GlobalSection(SharedMSBuildProjectFiles) = preSolution
		src\XPing365.Shared\XPing365.Shared.projitems*{02efa0d4-7d3c-4943-962c-fb81c64d7c61}*SharedItemsImports = 5
		src\XPing365.Shared\XPing365.Shared.projitems*{282cf40b-5231-4b98-8fb7-895897e375e5}*SharedItemsImports = 13
	EndGlobalSection
EndGlobal
